
Microsoft Visual Studio Solution File, Format Version 12.00
# Visual Studio Version 16
VisualStudioVersion = 16.0.29709.97
MinimumVisualStudioVersion = 10.0.40219.1
Project("{FAE04EC0-301F-11D3-BF4B-00C04F79EFBC}") = "ToyRobotSim", "ToyRobotSim\ToyRobotSim.csproj", "{A3CFA5F7-3C07-48C1-BF20-00D1608974D4}"
EndProject
Project("{FAE04EC0-301F-11D3-BF4B-00C04F79EFBC}") = "ToyobotSim.Tests", "ToyobotSim.Tests\ToyobotSim.Tests.csproj", "{FC81A59E-BF64-4315-8130-79F3C9557EB8}"
EndProject
Global
	GlobalSection(SolutionConfigurationPlatforms) = preSolution
		Debug|Any CPU = Debug|Any CPU
		Release|Any CPU = Release|Any CPU
	EndGlobalSection
	GlobalSection(ProjectConfigurationPlatforms) = postSolution
		{A3CFA5F7-3C07-48C1-BF20-00D1608974D4}.Debug|Any CPU.ActiveCfg = Debug|Any CPU
		{A3CFA5F7-3C07-48C1-BF20-00D1608974D4}.Debug|Any CPU.Build.0 = Debug|Any CPU
		{A3CFA5F7-3C07-48C1-BF20-00D1608974D4}.Release|Any CPU.ActiveCfg = Release|Any CPU
		{A3CFA5F7-3C07-48C1-BF20-00D1608974D4}.Release|Any CPU.Build.0 = Release|Any CPU
		{FC81A59E-BF64-4315-8130-79F3C9557EB8}.Debug|Any CPU.ActiveCfg = Debug|Any CPU
		{FC81A59E-BF64-4315-8130-79F3C9557EB8}.Debug|Any CPU.Build.0 = Debug|Any CPU
		{FC81A59E-BF64-4315-8130-79F3C9557EB8}.Release|Any CPU.ActiveCfg = Release|Any CPU
		{FC81A59E-BF64-4315-8130-79F3C9557EB8}.Release|Any CPU.Build.0 = Release|Any CPU
	EndGlobalSection
	GlobalSection(SolutionProperties) = preSolution
		HideSolutionNode = FALSE
	EndGlobalSection
	GlobalSection(ExtensibilityGlobals) = postSolution
		SolutionGuid = {E04D3DB6-2C73-444F-A97E-0E3F648E7990}
	EndGlobalSection
EndGlobal
